// !$*UTF8*$!
{
	archiveVersion = 1;
	classes = {
	};
	objectVersion = 77;
	objects = {

/* Begin PBXBuildFile section */
		15757BC291116260ACC249C0 /* ContainerCLI.swift in Sources */ = {isa = PBXBuildFile; fileRef = 01C3C3BB7D16BE6EA23EF751 /* ContainerCLI.swift */; };
		4BAB5294CC63E1F04712FC36 /* ContainerManager.swift in Sources */ = {isa = PBXBuildFile; fileRef = 974A1179576F349A948D3765 /* ContainerManager.swift */; };
		4E7BD3DADFF293EC977B77B5 /* ContainerModel.swift in Sources */ = {isa = PBXBuildFile; fileRef = C97057DAE5C4FB84600050BE /* ContainerModel.swift */; };
		68CE6D20016CE4557BD8C676 /* ContainerMenuView.swift in Sources */ = {isa = PBXBuildFile; fileRef = 6127211FE99B6BFAE8758B19 /* ContainerMenuView.swift */; };
		E6ECE17B3CE227D99EFFE7B1 /* ContainerTrayApp.swift in Sources */ = {isa = PBXBuildFile; fileRef = FF114AA63877166529ADEEE2 /* ContainerTrayApp.swift */; };
/* End PBXBuildFile section */

/* Begin PBXFileReference section */
		01C3C3BB7D16BE6EA23EF751 /* ContainerCLI.swift */ = {isa = PBXFileReference; lastKnownFileType = sourcecode.swift; path = ContainerCLI.swift; sourceTree = "<group>"; };
		6127211FE99B6BFAE8758B19 /* ContainerMenuView.swift */ = {isa = PBXFileReference; lastKnownFileType = sourcecode.swift; path = ContainerMenuView.swift; sourceTree = "<group>"; };
		974A1179576F349A948D3765 /* ContainerManager.swift */ = {isa = PBXFileReference; lastKnownFileType = sourcecode.swift; path = ContainerManager.swift; sourceTree = "<group>"; };
		9DA399963DA938FB0FD06EF6 /* ContainerTray.app */ = {isa = PBXFileReference; explicitFileType = wrapper.application; includeInIndex = 0; path = ContainerTray.app; sourceTree = BUILT_PRODUCTS_DIR; };
		C97057DAE5C4FB84600050BE /* ContainerModel.swift */ = {isa = PBXFileReference; lastKnownFileType = sourcecode.swift; path = ContainerModel.swift; sourceTree = "<group>"; };
		FF114AA63877166529ADEEE2 /* ContainerTrayApp.swift */ = {isa = PBXFileReference; lastKnownFileType = sourcecode.swift; path = ContainerTrayApp.swift; sourceTree = "<group>"; };
/* End PBXFileReference section */

/* Begin PBXGroup section */
		298CAA433D498A00E24E2418 = {
			isa = PBXGroup;
			children = (
				3F5583B1341386F2EE0AF756 /* ContainerTray */,
				41BE915CB8D1028B751AFBA4 /* Products */,
			);
			sourceTree = "<group>";
		};
		3F5583B1341386F2EE0AF756 /* ContainerTray */ = {
			isa = PBXGroup;
			children = (
				5A93D6128CD6925E75C36DB1 /* Sources */,
			);
			path = ContainerTray;
			sourceTree = "<group>";
		};
		41BE915CB8D1028B751AFBA4 /* Products */ = {
			isa = PBXGroup;
			children = (
				9DA399963DA938FB0FD06EF6 /* ContainerTray.app */,
			);
			name = Products;
			sourceTree = "<group>";
		};
		5A93D6128CD6925E75C36DB1 /* Sources */ = {
			isa = PBXGroup;
			children = (
				01C3C3BB7D16BE6EA23EF751 /* ContainerCLI.swift */,
				974A1179576F349A948D3765 /* ContainerManager.swift */,
				6127211FE99B6BFAE8758B19 /* ContainerMenuView.swift */,
				C97057DAE5C4FB84600050BE /* ContainerModel.swift */,
				FF114AA63877166529ADEEE2 /* ContainerTrayApp.swift */,
			);
			path = Sources;
			sourceTree = "<group>";
		};
/* End PBXGroup section */

/* Begin PBXNativeTarget section */
		C694BBBB50E9205A00116E4A /* ContainerTray */ = {
			isa = PBXNativeTarget;
			buildConfigurationList = DF28ECEAFDA1D5D99B1A14C8 /* Build configuration list for PBXNativeTarget "ContainerTray" */;
			buildPhases = (
				39D2AC1A33D735D2952BF783 /* Sources */,
			);
			buildRules = (
			);
			dependencies = (
			);
			name = ContainerTray;
			packageProductDependencies = (
			);
			productName = ContainerTray;
			productReference = 9DA399963DA938FB0FD06EF6 /* ContainerTray.app */;
			productType = "com.apple.product-type.application";
		};
/* End PBXNativeTarget section */

/* Begin PBXProject section */
		C417FC86CEA584BB1294A8EE /* Project object */ = {
			isa = PBXProject;
			attributes = {
				BuildIndependentTargetsInParallel = YES;
				LastUpgradeCheck = 1430;
				TargetAttributes = {
					C694BBBB50E9205A00116E4A = {
						DevelopmentTeam = "";
						ProvisioningStyle = Manual;
					};
				};
			};
			buildConfigurationList = 4859C745926759C12E505FC6 /* Build configuration list for PBXProject "ContainerTray" */;
			developmentRegion = en;
			hasScannedForEncodings = 0;
			knownRegions = (
				Base,
				en,
			);
			mainGroup = 298CAA433D498A00E24E2418;
			minimizedProjectReferenceProxies = 1;
			preferredProjectObjectVersion = 77;
			productRefGroup = 41BE915CB8D1028B751AFBA4 /* Products */;
			projectDirPath = "";
			projectRoot = "";
			targets = (
				C694BBBB50E9205A00116E4A /* ContainerTray */,
			);
		};
/* End PBXProject section */

/* Begin PBXSourcesBuildPhase section */
		39D2AC1A33D735D2952BF783 /* Sources */ = {
			isa = PBXSourcesBuildPhase;
			buildActionMask = 2147483647;
			files = (
				15757BC291116260ACC249C0 /* ContainerCLI.swift in Sources */,
				4BAB5294CC63E1F04712FC36 /* ContainerManager.swift in Sources */,
				68CE6D20016CE4557BD8C676 /* ContainerMenuView.swift in Sources */,
				4E7BD3DADFF293EC977B77B5 /* ContainerModel.swift in Sources */,
				E6ECE17B3CE227D99EFFE7B1 /* ContainerTrayApp.swift in Sources */,
			);
			runOnlyForDeploymentPostprocessing = 0;
		};
/* End PBXSourcesBuildPhase section */

/* Begin XCBuildConfiguration section */
		42DFD9C8A3BEC19DF80B43CA /* Release */ = {
			isa = XCBuildConfiguration;
			buildSettings = {
				ALWAYS_SEARCH_USER_PATHS = NO;
				CLANG_ANALYZER_NONNULL = YES;
				CLANG_ANALYZER_NUMBER_OBJECT_CONVERSION = YES_AGGRESSIVE;
				CLANG_CXX_LANGUAGE_STANDARD = "gnu++14";
				CLANG_CXX_LIBRARY = "libc++";
				CLANG_ENABLE_MODULES = YES;
				CLANG_ENABLE_OBJC_ARC = YES;
				CLANG_ENABLE_OBJC_WEAK = YES;
				CLANG_WARN_BLOCK_CAPTURE_AUTORELEASING = YES;
				CLANG_WARN_BOOL_CONVERSION = YES;
				CLANG_WARN_COMMA = YES;
				CLANG_WARN_CONSTANT_CONVERSION = YES;
				CLANG_WARN_DEPRECATED_OBJC_IMPLEMENTATIONS = YES;
				CLANG_WARN_DIRECT_OBJC_ISA_USAGE = YES_ERROR;
				CLANG_WARN_DOCUMENTATION_COMMENTS = YES;
				CLANG_WARN_EMPTY_BODY = YES;
				CLANG_WARN_ENUM_CONVERSION = YES;
				CLANG_WARN_INFINITE_RECURSION = YES;
				CLANG_WARN_INT_CONVERSION = YES;
				CLANG_WARN_NON_LITERAL_NULL_CONVERSION = YES;
				CLANG_WARN_OBJC_IMPLICIT_RETAIN_SELF = YES;
				CLANG_WARN_OBJC_LITERAL_CONVERSION = YES;
				CLANG_WARN_OBJC_ROOT_CLASS = YES_ERROR;
				CLANG_WARN_QUOTED_INCLUDE_IN_FRAMEWORK_HEADER = YES;
				CLANG_WARN_RANGE_LOOP_ANALYSIS = YES;
				CLANG_WARN_STRICT_PROTOTYPES = YES;
				CLANG_WARN_SUSPICIOUS_MOVE = YES;
				CLANG_WARN_UNGUARDED_AVAILABILITY = YES_AGGRESSIVE;
				CLANG_WARN_UNREACHABLE_CODE = YES;
				CLANG_WARN__DUPLICATE_METHOD_MATCH = YES;
				COPY_PHASE_STRIP = NO;
				DEBUG_INFORMATION_FORMAT = "dwarf-with-dsym";
				ENABLE_NS_ASSERTIONS = NO;
				ENABLE_STRICT_OBJC_MSGSEND = YES;
				GCC_C_LANGUAGE_STANDARD = gnu11;
				GCC_NO_COMMON_BLOCKS = YES;
				GCC_WARN_64_TO_32_BIT_CONVERSION = YES;
				GCC_WARN_ABOUT_RETURN_TYPE = YES_ERROR;
				GCC_WARN_UNDECLARED_SELECTOR = YES;
				GCC_WARN_UNINITIALIZED_AUTOS = YES_AGGRESSIVE;
				GCC_WARN_UNUSED_FUNCTION = YES;
				GCC_WARN_UNUSED_VARIABLE = YES;
				MACOSX_DEPLOYMENT_TARGET = 13.0;
				MTL_ENABLE_DEBUG_INFO = NO;
				MTL_FAST_MATH = YES;
				PRODUCT_NAME = "$(TARGET_NAME)";
				SDKROOT = macosx;
				SWIFT_COMPILATION_MODE = wholemodule;
				SWIFT_OPTIMIZATION_LEVEL = "-O";
				SWIFT_VERSION = 5.0;
			};
			name = Release;
		};
		483AB07AA64483C83F93E1E0 /* Release */ = {
			isa = XCBuildConfiguration;
			buildSettings = {
				ASSETCATALOG_COMPILER_APPICON_NAME = "";
				CODE_SIGN_IDENTITY = "-";
				CODE_SIGN_STYLE = Manual;
				COMBINE_HIDPI_IMAGES = YES;
				CURRENT_PROJECT_VERSION = 1;
				DEVELOPMENT_TEAM = "";
				ENABLE_HARDENED_RUNTIME = YES;
				GENERATE_INFOPLIST_FILE = NO;
				INFOPLIST_FILE = ContainerTray/Info.plist;
				LD_RUNPATH_SEARCH_PATHS = (
					"$(inherited)",
					"@executable_path/../Frameworks",
				);
				MARKETING_VERSION = 1.0;
				PRODUCT_BUNDLE_IDENTIFIER = com.grennis.ContainerTray;
				SDKROOT = macosx;
			};
			name = Release;
		};
		4B23D59DDB834D5DC55AE72A /* Debug */ = {
			isa = XCBuildConfiguration;
			buildSettings = {
				ALWAYS_SEARCH_USER_PATHS = NO;
				CLANG_ANALYZER_NONNULL = YES;
				CLANG_ANALYZER_NUMBER_OBJECT_CONVERSION = YES_AGGRESSIVE;
				CLANG_CXX_LANGUAGE_STANDARD = "gnu++14";
				CLANG_CXX_LIBRARY = "libc++";
				CLANG_ENABLE_MODULES = YES;
				CLANG_ENABLE_OBJC_ARC = YES;
				CLANG_ENABLE_OBJC_WEAK = YES;
				CLANG_WARN_BLOCK_CAPTURE_AUTORELEASING = YES;
				CLANG_WARN_BOOL_CONVERSION = YES;
				CLANG_WARN_COMMA = YES;
				CLANG_WARN_CONSTANT_CONVERSION = YES;
				CLANG_WARN_DEPRECATED_OBJC_IMPLEMENTATIONS = YES;
				CLANG_WARN_DIRECT_OBJC_ISA_USAGE = YES_ERROR;
				CLANG_WARN_DOCUMENTATION_COMMENTS = YES;
				CLANG_WARN_EMPTY_BODY = YES;
				CLANG_WARN_ENUM_CONVERSION = YES;
				CLANG_WARN_INFINITE_RECURSION = YES;
				CLANG_WARN_INT_CONVERSION = YES;
				CLANG_WARN_NON_LITERAL_NULL_CONVERSION = YES;
				CLANG_WARN_OBJC_IMPLICIT_RETAIN_SELF = YES;
				CLANG_WARN_OBJC_LITERAL_CONVERSION = YES;
				CLANG_WARN_OBJC_ROOT_CLASS = YES_ERROR;
				CLANG_WARN_QUOTED_INCLUDE_IN_FRAMEWORK_HEADER = YES;
				CLANG_WARN_RANGE_LOOP_ANALYSIS = YES;
				CLANG_WARN_STRICT_PROTOTYPES = YES;
				CLANG_WARN_SUSPICIOUS_MOVE = YES;
				CLANG_WARN_UNGUARDED_AVAILABILITY = YES_AGGRESSIVE;
				CLANG_WARN_UNREACHABLE_CODE = YES;
				CLANG_WARN__DUPLICATE_METHOD_MATCH = YES;
				COPY_PHASE_STRIP = NO;
				DEBUG_INFORMATION_FORMAT = dwarf;
				ENABLE_STRICT_OBJC_MSGSEND = YES;
				ENABLE_TESTABILITY = YES;
				GCC_C_LANGUAGE_STANDARD = gnu11;
				GCC_DYNAMIC_NO_PIC = NO;
				GCC_NO_COMMON_BLOCKS = YES;
				GCC_OPTIMIZATION_LEVEL = 0;
				GCC_PREPROCESSOR_DEFINITIONS = (
					"$(inherited)",
					"DEBUG=1",
				);
				GCC_WARN_64_TO_32_BIT_CONVERSION = YES;
				GCC_WARN_ABOUT_RETURN_TYPE = YES_ERROR;
				GCC_WARN_UNDECLARED_SELECTOR = YES;
				GCC_WARN_UNINITIALIZED_AUTOS = YES_AGGRESSIVE;
				GCC_WARN_UNUSED_FUNCTION = YES;
				GCC_WARN_UNUSED_VARIABLE = YES;
				MACOSX_DEPLOYMENT_TARGET = 13.0;
				MTL_ENABLE_DEBUG_INFO = INCLUDE_SOURCE;
				MTL_FAST_MATH = YES;
				ONLY_ACTIVE_ARCH = YES;
				PRODUCT_NAME = "$(TARGET_NAME)";
				SDKROOT = macosx;
				SWIFT_ACTIVE_COMPILATION_CONDITIONS = DEBUG;
				SWIFT_OPTIMIZATION_LEVEL = "-Onone";
				SWIFT_VERSION = 5.0;
			};
			name = Debug;
		};
		83BF890B9B919A85F66FC22E /* Debug */ = {
			isa = XCBuildConfiguration;
			buildSettings = {
				ASSETCATALOG_COMPILER_APPICON_NAME = "";
				CODE_SIGN_IDENTITY = "-";
				CODE_SIGN_STYLE = Manual;
				COMBINE_HIDPI_IMAGES = YES;
				CURRENT_PROJECT_VERSION = 1;
				DEVELOPMENT_TEAM = "";
				ENABLE_HARDENED_RUNTIME = YES;
				GENERATE_INFOPLIST_FILE = NO;
				INFOPLIST_FILE = ContainerTray/Info.plist;
				LD_RUNPATH_SEARCH_PATHS = (
					"$(inherited)",
					"@executable_path/../Frameworks",
				);
				MARKETING_VERSION = 1.0;
				PRODUCT_BUNDLE_IDENTIFIER = com.grennis.ContainerTray;
				SDKROOT = macosx;
			};
			name = Debug;
		};
/* End XCBuildConfiguration section */

/* Begin XCConfigurationList section */
		4859C745926759C12E505FC6 /* Build configuration list for PBXProject "ContainerTray" */ = {
			isa = XCConfigurationList;
			buildConfigurations = (
				4B23D59DDB834D5DC55AE72A /* Debug */,
				42DFD9C8A3BEC19DF80B43CA /* Release */,
			);
			defaultConfigurationIsVisible = 0;
			defaultConfigurationName = Debug;
		};
		DF28ECEAFDA1D5D99B1A14C8 /* Build configuration list for PBXNativeTarget "ContainerTray" */ = {
			isa = XCConfigurationList;
			buildConfigurations = (
				83BF890B9B919A85F66FC22E /* Debug */,
				483AB07AA64483C83F93E1E0 /* Release */,
			);
			defaultConfigurationIsVisible = 0;
			defaultConfigurationName = Debug;
		};
/* End XCConfigurationList section */
	};
	rootObject = C417FC86CEA584BB1294A8EE /* Project object */;
}
